{
  "name": "simple-http-reverse-proxy",
  "version": "1.0.3",
  "lockfileVersion": 3,
  "requires": true,
  "packages": {
    "": {
      "name": "simple-http-reverse-proxy",
      "version": "1.0.3",
      "license": "MIT",
      "bin": {
        "simple-http-reverse-proxy": "proxy.js"
      },
      "engines": {
        "node": ">=22.0.0"
      }
    }
  }
}
